
Microsoft Visual Studio Solution File, Format Version 12.00
# Visual Studio Version 16
VisualStudioVersion = 16.0.30804.86
MinimumVisualStudioVersion = 10.0.40219.1
Project("{FAE04EC0-301F-11D3-BF4B-00C04F79EFBC}") = "Regexanizer", "Regexanizer\Regexanizer.csproj", "{82E584C2-681C-4814-8AF4-6FF940E1AC5B}"
EndProject
Global
	GlobalSection(SolutionConfigurationPlatforms) = preSolution
		Debug|Any CPU = Debug|Any CPU
		Release|Any CPU = Release|Any CPU
	EndGlobalSection
	GlobalSection(ProjectConfigurationPlatforms) = postSolution
		{82E584C2-681C-4814-8AF4-6FF940E1AC5B}.Debug|Any CPU.ActiveCfg = Debug|Any CPU
		{82E584C2-681C-4814-8AF4-6FF940E1AC5B}.Debug|Any CPU.Build.0 = Debug|Any CPU
		{82E584C2-681C-4814-8AF4-6FF940E1AC5B}.Release|Any CPU.ActiveCfg = Release|Any CPU
		{82E584C2-681C-4814-8AF4-6FF940E1AC5B}.Release|Any CPU.Build.0 = Release|Any CPU
	EndGlobalSection
	GlobalSection(SolutionProperties) = preSolution
		HideSolutionNode = FALSE
	EndGlobalSection
	GlobalSection(ExtensibilityGlobals) = postSolution
		SolutionGuid = {D7642B44-B575-405E-815C-78960950000C}
	EndGlobalSection
EndGlobal
